
Microsoft Visual Studio Solution File, Format Version 12.00
# Visual Studio Version 16
VisualStudioVersion = 16.0.30717.126
MinimumVisualStudioVersion = 10.0.40219.1
Project("{FAE04EC0-301F-11D3-BF4B-00C04F79EFBC}") = "InventoryManagement.App", "InventoryManagement.App\InventoryManagement.App.csproj", "{7449424B-2281-4CCA-8BDA-49CB0684F755}"
EndProject
Project("{FAE04EC0-301F-11D3-BF4B-00C04F79EFBC}") = "InventoryManagement.BE", "InventoryManagement.BE\InventoryManagement.BE.csproj", "{B7835B7C-B700-4D75-91D8-9CDE1FE6B8B4}"
EndProject
Project("{FAE04EC0-301F-11D3-BF4B-00C04F79EFBC}") = "InventoryManagement.BLL", "InventoryManagement.BLL\InventoryManagement.BLL.csproj", "{F41C06B6-CF80-4209-9872-B33CC7461832}"
EndProject
Project("{FAE04EC0-301F-11D3-BF4B-00C04F79EFBC}") = "InventoryManagement.DAL", "InventoryManagement.DAL\InventoryManagement.DAL.csproj", "{4D54F0A2-6B3F-46DE-BB2A-BBF8257E22BA}"
EndProject
Project("{FAE04EC0-301F-11D3-BF4B-00C04F79EFBC}") = "InventoryManagement.Repository", "InventoryManagement.Repository\InventoryManagement.Repository.csproj", "{9D50B48F-1507-49CA-99D8-6A0705CFB7D7}"
EndProject
Global
	GlobalSection(SolutionConfigurationPlatforms) = preSolution
		Debug|Any CPU = Debug|Any CPU
		Release|Any CPU = Release|Any CPU
	EndGlobalSection
	GlobalSection(ProjectConfigurationPlatforms) = postSolution
		{7449424B-2281-4CCA-8BDA-49CB0684F755}.Debug|Any CPU.ActiveCfg = Debug|Any CPU
		{7449424B-2281-4CCA-8BDA-49CB0684F755}.Debug|Any CPU.Build.0 = Debug|Any CPU
		{7449424B-2281-4CCA-8BDA-49CB0684F755}.Release|Any CPU.ActiveCfg = Release|Any CPU
		{7449424B-2281-4CCA-8BDA-49CB0684F755}.Release|Any CPU.Build.0 = Release|Any CPU
		{B7835B7C-B700-4D75-91D8-9CDE1FE6B8B4}.Debug|Any CPU.ActiveCfg = Debug|Any CPU
		{B7835B7C-B700-4D75-91D8-9CDE1FE6B8B4}.Debug|Any CPU.Build.0 = Debug|Any CPU
		{B7835B7C-B700-4D75-91D8-9CDE1FE6B8B4}.Release|Any CPU.ActiveCfg = Release|Any CPU
		{B7835B7C-B700-4D75-91D8-9CDE1FE6B8B4}.Release|Any CPU.Build.0 = Release|Any CPU
		{F41C06B6-CF80-4209-9872-B33CC7461832}.Debug|Any CPU.ActiveCfg = Debug|Any CPU
		{F41C06B6-CF80-4209-9872-B33CC7461832}.Debug|Any CPU.Build.0 = Debug|Any CPU
		{F41C06B6-CF80-4209-9872-B33CC7461832}.Release|Any CPU.ActiveCfg = Release|Any CPU
		{F41C06B6-CF80-4209-9872-B33CC7461832}.Release|Any CPU.Build.0 = Release|Any CPU
		{4D54F0A2-6B3F-46DE-BB2A-BBF8257E22BA}.Debug|Any CPU.ActiveCfg = Debug|Any CPU
		{4D54F0A2-6B3F-46DE-BB2A-BBF8257E22BA}.Debug|Any CPU.Build.0 = Debug|Any CPU
		{4D54F0A2-6B3F-46DE-BB2A-BBF8257E22BA}.Release|Any CPU.ActiveCfg = Release|Any CPU
		{4D54F0A2-6B3F-46DE-BB2A-BBF8257E22BA}.Release|Any CPU.Build.0 = Release|Any CPU
		{9D50B48F-1507-49CA-99D8-6A0705CFB7D7}.Debug|Any CPU.ActiveCfg = Debug|Any CPU
		{9D50B48F-1507-49CA-99D8-6A0705CFB7D7}.Debug|Any CPU.Build.0 = Debug|Any CPU
		{9D50B48F-1507-49CA-99D8-6A0705CFB7D7}.Release|Any CPU.ActiveCfg = Release|Any CPU
		{9D50B48F-1507-49CA-99D8-6A0705CFB7D7}.Release|Any CPU.Build.0 = Release|Any CPU
	EndGlobalSection
	GlobalSection(SolutionProperties) = preSolution
		HideSolutionNode = FALSE
	EndGlobalSection
	GlobalSection(ExtensibilityGlobals) = postSolution
		SolutionGuid = {C8330E36-B187-4C98-B5A8-44B1925E88D9}
	EndGlobalSection
EndGlobal
